
Microsoft Visual Studio Solution File, Format Version 12.00
# Visual Studio Version 16
VisualStudioVersion = 16.0.29123.88
MinimumVisualStudioVersion = 10.0.40219.1
Project("{FAE04EC0-301F-11D3-BF4B-00C04F79EFBC}") = "cw1", "cw1\cw1.csproj", "{F575670D-3B76-4F8D-960F-F6279FE78212}"
EndProject
Global
	GlobalSection(SolutionConfigurationPlatforms) = preSolution
		Debug|Any CPU = Debug|Any CPU
		Release|Any CPU = Release|Any CPU
	EndGlobalSection
	GlobalSection(ProjectConfigurationPlatforms) = postSolution
		{F575670D-3B76-4F8D-960F-F6279FE78212}.Debug|Any CPU.ActiveCfg = Debug|Any CPU
		{F575670D-3B76-4F8D-960F-F6279FE78212}.Debug|Any CPU.Build.0 = Debug|Any CPU
		{F575670D-3B76-4F8D-960F-F6279FE78212}.Release|Any CPU.ActiveCfg = Release|Any CPU
		{F575670D-3B76-4F8D-960F-F6279FE78212}.Release|Any CPU.Build.0 = Release|Any CPU
	EndGlobalSection
	GlobalSection(SolutionProperties) = preSolution
		HideSolutionNode = FALSE
	EndGlobalSection
	GlobalSection(ExtensibilityGlobals) = postSolution
		SolutionGuid = {49F8A6A1-00A6-46CC-9FF7-1CB3338DBD4F}
	EndGlobalSection
EndGlobal
