
Microsoft Visual Studio Solution File, Format Version 12.00
# Visual Studio Version 16
VisualStudioVersion = 16.0.29519.181
MinimumVisualStudioVersion = 10.0.40219.1
Project("{FAE04EC0-301F-11D3-BF4B-00C04F79EFBC}") = "Cw3", "Cw3\Cw3.csproj", "{9AAFD149-4F8A-48F2-817F-6DD3B3E05550}"
EndProject
Global
	GlobalSection(SolutionConfigurationPlatforms) = preSolution
		Debug|Any CPU = Debug|Any CPU
		Release|Any CPU = Release|Any CPU
	EndGlobalSection
	GlobalSection(ProjectConfigurationPlatforms) = postSolution
		{9AAFD149-4F8A-48F2-817F-6DD3B3E05550}.Debug|Any CPU.ActiveCfg = Debug|Any CPU
		{9AAFD149-4F8A-48F2-817F-6DD3B3E05550}.Debug|Any CPU.Build.0 = Debug|Any CPU
		{9AAFD149-4F8A-48F2-817F-6DD3B3E05550}.Release|Any CPU.ActiveCfg = Release|Any CPU
		{9AAFD149-4F8A-48F2-817F-6DD3B3E05550}.Release|Any CPU.Build.0 = Release|Any CPU
	EndGlobalSection
	GlobalSection(SolutionProperties) = preSolution
		HideSolutionNode = FALSE
	EndGlobalSection
	GlobalSection(ExtensibilityGlobals) = postSolution
		SolutionGuid = {589E45FD-3552-4445-8C4A-0BB12656678B}
	EndGlobalSection
EndGlobal
